
Microsoft Visual Studio Solution File, Format Version 12.00
# Visual Studio 15
Project("{FAE04EC0-301F-11D3-BF4B-00C04F79EFBC}") = "Assembly-CSharp", "Assembly-CSharp.csproj", "{78978DEF-ACEF-F2B9-786E-1E80176D7B8A}"
EndProject
Project("{FAE04EC0-301F-11D3-BF4B-00C04F79EFBC}") = "spine-unity", "spine-unity.csproj", "{9514630D-0506-A94F-8770-973A88215C36}"
EndProject
Project("{FAE04EC0-301F-11D3-BF4B-00C04F79EFBC}") = "Assembly-CSharp-Editor", "Assembly-CSharp-Editor.csproj", "{DC448014-6190-4244-0517-89B3F261E38B}"
EndProject
Project("{FAE04EC0-301F-11D3-BF4B-00C04F79EFBC}") = "spine-csharp", "spine-csharp.csproj", "{EBE7EB17-8074-7F20-DE75-48D3C9F34FB3}"
EndProject
Project("{FAE04EC0-301F-11D3-BF4B-00C04F79EFBC}") = "spine-unity-editor", "spine-unity-editor.csproj", "{62225108-C7A0-2EBF-FD7C-011E10730F67}"
EndProject
Project("{FAE04EC0-301F-11D3-BF4B-00C04F79EFBC}") = "Assembly-CSharp-firstpass", "Assembly-CSharp-firstpass.csproj", "{2D09A431-8047-9175-70AA-54D3EEB4FB77}"
EndProject
Project("{FAE04EC0-301F-11D3-BF4B-00C04F79EFBC}") = "IngameDebugConsole.Editor", "IngameDebugConsole.Editor.csproj", "{9C734C53-1AB1-58AF-9ED8-37D2F85D64B7}"
EndProject
Project("{FAE04EC0-301F-11D3-BF4B-00C04F79EFBC}") = "IngameDebugConsole.Runtime", "IngameDebugConsole.Runtime.csproj", "{97690C85-8BD2-6C42-4A4C-58FEE60A5F73}"
EndProject
Global
	GlobalSection(SolutionConfigurationPlatforms) = preSolution
		Debug|Any CPU = Debug|Any CPU
		Release|Any CPU = Release|Any CPU
	EndGlobalSection
	GlobalSection(ProjectConfigurationPlatforms) = postSolution
		{78978DEF-ACEF-F2B9-786E-1E80176D7B8A}.Debug|Any CPU.ActiveCfg = Debug|Any CPU
		{78978DEF-ACEF-F2B9-786E-1E80176D7B8A}.Debug|Any CPU.Build.0 = Debug|Any CPU
		{78978DEF-ACEF-F2B9-786E-1E80176D7B8A}.Release|Any CPU.ActiveCfg = Release|Any CPU
		{78978DEF-ACEF-F2B9-786E-1E80176D7B8A}.Release|Any CPU.Build.0 = Release|Any CPU
		{9514630D-0506-A94F-8770-973A88215C36}.Debug|Any CPU.ActiveCfg = Debug|Any CPU
		{9514630D-0506-A94F-8770-973A88215C36}.Debug|Any CPU.Build.0 = Debug|Any CPU
		{9514630D-0506-A94F-8770-973A88215C36}.Release|Any CPU.ActiveCfg = Release|Any CPU
		{9514630D-0506-A94F-8770-973A88215C36}.Release|Any CPU.Build.0 = Release|Any CPU
		{DC448014-6190-4244-0517-89B3F261E38B}.Debug|Any CPU.ActiveCfg = Debug|Any CPU
		{DC448014-6190-4244-0517-89B3F261E38B}.Debug|Any CPU.Build.0 = Debug|Any CPU
		{DC448014-6190-4244-0517-89B3F261E38B}.Release|Any CPU.ActiveCfg = Release|Any CPU
		{DC448014-6190-4244-0517-89B3F261E38B}.Release|Any CPU.Build.0 = Release|Any CPU
		{EBE7EB17-8074-7F20-DE75-48D3C9F34FB3}.Debug|Any CPU.ActiveCfg = Debug|Any CPU
		{EBE7EB17-8074-7F20-DE75-48D3C9F34FB3}.Debug|Any CPU.Build.0 = Debug|Any CPU
		{EBE7EB17-8074-7F20-DE75-48D3C9F34FB3}.Release|Any CPU.ActiveCfg = Release|Any CPU
		{EBE7EB17-8074-7F20-DE75-48D3C9F34FB3}.Release|Any CPU.Build.0 = Release|Any CPU
		{62225108-C7A0-2EBF-FD7C-011E10730F67}.Debug|Any CPU.ActiveCfg = Debug|Any CPU
		{62225108-C7A0-2EBF-FD7C-011E10730F67}.Debug|Any CPU.Build.0 = Debug|Any CPU
		{62225108-C7A0-2EBF-FD7C-011E10730F67}.Release|Any CPU.ActiveCfg = Release|Any CPU
		{62225108-C7A0-2EBF-FD7C-011E10730F67}.Release|Any CPU.Build.0 = Release|Any CPU
		{2D09A431-8047-9175-70AA-54D3EEB4FB77}.Debug|Any CPU.ActiveCfg = Debug|Any CPU
		{2D09A431-8047-9175-70AA-54D3EEB4FB77}.Debug|Any CPU.Build.0 = Debug|Any CPU
		{2D09A431-8047-9175-70AA-54D3EEB4FB77}.Release|Any CPU.ActiveCfg = Release|Any CPU
		{2D09A431-8047-9175-70AA-54D3EEB4FB77}.Release|Any CPU.Build.0 = Release|Any CPU
		{9C734C53-1AB1-58AF-9ED8-37D2F85D64B7}.Debug|Any CPU.ActiveCfg = Debug|Any CPU
		{9C734C53-1AB1-58AF-9ED8-37D2F85D64B7}.Debug|Any CPU.Build.0 = Debug|Any CPU
		{9C734C53-1AB1-58AF-9ED8-37D2F85D64B7}.Release|Any CPU.ActiveCfg = Release|Any CPU
		{9C734C53-1AB1-58AF-9ED8-37D2F85D64B7}.Release|Any CPU.Build.0 = Release|Any CPU
		{97690C85-8BD2-6C42-4A4C-58FEE60A5F73}.Debug|Any CPU.ActiveCfg = Debug|Any CPU
		{97690C85-8BD2-6C42-4A4C-58FEE60A5F73}.Debug|Any CPU.Build.0 = Debug|Any CPU
		{97690C85-8BD2-6C42-4A4C-58FEE60A5F73}.Release|Any CPU.ActiveCfg = Release|Any CPU
		{97690C85-8BD2-6C42-4A4C-58FEE60A5F73}.Release|Any CPU.Build.0 = Release|Any CPU
	EndGlobalSection
	GlobalSection(SolutionProperties) = preSolution
		HideSolutionNode = FALSE
	EndGlobalSection
EndGlobal
